// !$*UTF8*$!
{
	archiveVersion = 1;
	classes = {
	};
	objectVersion = 50;
	objects = {

/* Begin PBXBuildFile section */
		F32A6F0B22DDA36E00E78E82 /* AppDelegate.swift in Sources */ = {isa = PBXBuildFile; fileRef = F32A6F0A22DDA36E00E78E82 /* AppDelegate.swift */; };
		F32A6F0D22DDA36E00E78E82 /* ViewController.swift in Sources */ = {isa = PBXBuildFile; fileRef = F32A6F0C22DDA36E00E78E82 /* ViewController.swift */; };
		F32A6F1022DDA36E00E78E82 /* Main.storyboard in Resources */ = {isa = PBXBuildFile; fileRef = F32A6F0E22DDA36E00E78E82 /* Main.storyboard */; };
		F32A6F1322DDA36E00E78E82 /* BirthdayTrackerLessons.xcdatamodeld in Sources */ = {isa = PBXBuildFile; fileRef = F32A6F1122DDA36E00E78E82 /* BirthdayTrackerLessons.xcdatamodeld */; };
		F32A6F1522DDA36F00E78E82 /* Assets.xcassets in Resources */ = {isa = PBXBuildFile; fileRef = F32A6F1422DDA36F00E78E82 /* Assets.xcassets */; };
		F32A6F1822DDA36F00E78E82 /* LaunchScreen.storyboard in Resources */ = {isa = PBXBuildFile; fileRef = F32A6F1622DDA36F00E78E82 /* LaunchScreen.storyboard */; };
		F3F8631322DDA93100B77C9B /* Birthday.swift in Sources */ = {isa = PBXBuildFile; fileRef = F3F8631222DDA93100B77C9B /* Birthday.swift */; };
		F3F8631522DDA98800B77C9B /* AddBirthdayViewController.swift in Sources */ = {isa = PBXBuildFile; fileRef = F3F8631422DDA98800B77C9B /* AddBirthdayViewController.swift */; };
/* End PBXBuildFile section */

/* Begin PBXFileReference section */
		F32A6F0722DDA36E00E78E82 /* BirthdayTrackerLessons.app */ = {isa = PBXFileReference; explicitFileType = wrapper.application; includeInIndex = 0; path = BirthdayTrackerLessons.app; sourceTree = BUILT_PRODUCTS_DIR; };
		F32A6F0A22DDA36E00E78E82 /* AppDelegate.swift */ = {isa = PBXFileReference; lastKnownFileType = sourcecode.swift; path = AppDelegate.swift; sourceTree = "<group>"; };
		F32A6F0C22DDA36E00E78E82 /* ViewController.swift */ = {isa = PBXFileReference; lastKnownFileType = sourcecode.swift; path = ViewController.swift; sourceTree = "<group>"; };
		F32A6F0F22DDA36E00E78E82 /* Base */ = {isa = PBXFileReference; lastKnownFileType = file.storyboard; name = Base; path = Base.lproj/Main.storyboard; sourceTree = "<group>"; };
		F32A6F1222DDA36E00E78E82 /* BirthdayTrackerLessons.xcdatamodel */ = {isa = PBXFileReference; lastKnownFileType = wrapper.xcdatamodel; path = BirthdayTrackerLessons.xcdatamodel; sourceTree = "<group>"; };
		F32A6F1422DDA36F00E78E82 /* Assets.xcassets */ = {isa = PBXFileReference; lastKnownFileType = folder.assetcatalog; path = Assets.xcassets; sourceTree = "<group>"; };
		F32A6F1722DDA36F00E78E82 /* Base */ = {isa = PBXFileReference; lastKnownFileType = file.storyboard; name = Base; path = Base.lproj/LaunchScreen.storyboard; sourceTree = "<group>"; };
		F32A6F1922DDA36F00E78E82 /* Info.plist */ = {isa = PBXFileReference; lastKnownFileType = text.plist.xml; path = Info.plist; sourceTree = "<group>"; };
		F3F8631222DDA93100B77C9B /* Birthday.swift */ = {isa = PBXFileReference; lastKnownFileType = sourcecode.swift; path = Birthday.swift; sourceTree = "<group>"; };
		F3F8631422DDA98800B77C9B /* AddBirthdayViewController.swift */ = {isa = PBXFileReference; lastKnownFileType = sourcecode.swift; path = AddBirthdayViewController.swift; sourceTree = "<group>"; };
/* End PBXFileReference section */

/* Begin PBXFrameworksBuildPhase section */
		F32A6F0422DDA36E00E78E82 /* Frameworks */ = {
			isa = PBXFrameworksBuildPhase;
			buildActionMask = 2147483647;
			files = (
			);
			runOnlyForDeploymentPostprocessing = 0;
		};
/* End PBXFrameworksBuildPhase section */

/* Begin PBXGroup section */
		F32A6EFE22DDA36E00E78E82 = {
			isa = PBXGroup;
			children = (
				F32A6F0922DDA36E00E78E82 /* BirthdayTrackerLessons */,
				F32A6F0822DDA36E00E78E82 /* Products */,
			);
			sourceTree = "<group>";
		};
		F32A6F0822DDA36E00E78E82 /* Products */ = {
			isa = PBXGroup;
			children = (
				F32A6F0722DDA36E00E78E82 /* BirthdayTrackerLessons.app */,
			);
			name = Products;
			sourceTree = "<group>";
		};
		F32A6F0922DDA36E00E78E82 /* BirthdayTrackerLessons */ = {
			isa = PBXGroup;
			children = (
				F32A6F0A22DDA36E00E78E82 /* AppDelegate.swift */,
				F32A6F0C22DDA36E00E78E82 /* ViewController.swift */,
				F32A6F0E22DDA36E00E78E82 /* Main.storyboard */,
				F3F8631222DDA93100B77C9B /* Birthday.swift */,
				F3F8631422DDA98800B77C9B /* AddBirthdayViewController.swift */,
				F32A6F1422DDA36F00E78E82 /* Assets.xcassets */,
				F32A6F1622DDA36F00E78E82 /* LaunchScreen.storyboard */,
				F32A6F1922DDA36F00E78E82 /* Info.plist */,
				F32A6F1122DDA36E00E78E82 /* BirthdayTrackerLessons.xcdatamodeld */,
			);
			path = BirthdayTrackerLessons;
			sourceTree = "<group>";
		};
/* End PBXGroup section */

/* Begin PBXNativeTarget section */
		F32A6F0622DDA36E00E78E82 /* BirthdayTrackerLessons */ = {
			isa = PBXNativeTarget;
			buildConfigurationList = F32A6F1C22DDA36F00E78E82 /* Build configuration list for PBXNativeTarget "BirthdayTrackerLessons" */;
			buildPhases = (
				F32A6F0322DDA36E00E78E82 /* Sources */,
				F32A6F0422DDA36E00E78E82 /* Frameworks */,
				F32A6F0522DDA36E00E78E82 /* Resources */,
			);
			buildRules = (
			);
			dependencies = (
			);
			name = BirthdayTrackerLessons;
			productName = BirthdayTrackerLessons;
			productReference = F32A6F0722DDA36E00E78E82 /* BirthdayTrackerLessons.app */;
			productType = "com.apple.product-type.application";
		};
/* End PBXNativeTarget section */

/* Begin PBXProject section */
		F32A6EFF22DDA36E00E78E82 /* Project object */ = {
			isa = PBXProject;
			attributes = {
				LastSwiftUpdateCheck = 1020;
				LastUpgradeCheck = 1020;
				ORGANIZATIONNAME = "Mykhailo Bondarenko";
				TargetAttributes = {
					F32A6F0622DDA36E00E78E82 = {
						CreatedOnToolsVersion = 10.2.1;
					};
				};
			};
			buildConfigurationList = F32A6F0222DDA36E00E78E82 /* Build configuration list for PBXProject "BirthdayTrackerLessons" */;
			compatibilityVersion = "Xcode 9.3";
			developmentRegion = en;
			hasScannedForEncodings = 0;
			knownRegions = (
				en,
				Base,
			);
			mainGroup = F32A6EFE22DDA36E00E78E82;
			productRefGroup = F32A6F0822DDA36E00E78E82 /* Products */;
			projectDirPath = "";
			projectRoot = "";
			targets = (
				F32A6F0622DDA36E00E78E82 /* BirthdayTrackerLessons */,
			);
		};
/* End PBXProject section */

/* Begin PBXResourcesBuildPhase section */
		F32A6F0522DDA36E00E78E82 /* Resources */ = {
			isa = PBXResourcesBuildPhase;
			buildActionMask = 2147483647;
			files = (
				F32A6F1822DDA36F00E78E82 /* LaunchScreen.storyboard in Resources */,
				F32A6F1522DDA36F00E78E82 /* Assets.xcassets in Resources */,
				F32A6F1022DDA36E00E78E82 /* Main.storyboard in Resources */,
			);
			runOnlyForDeploymentPostprocessing = 0;
		};
/* End PBXResourcesBuildPhase section */

/* Begin PBXSourcesBuildPhase section */
		F32A6F0322DDA36E00E78E82 /* Sources */ = {
			isa = PBXSourcesBuildPhase;
			buildActionMask = 2147483647;
			files = (
				F3F8631322DDA93100B77C9B /* Birthday.swift in Sources */,
				F3F8631522DDA98800B77C9B /* AddBirthdayViewController.swift in Sources */,
				F32A6F0D22DDA36E00E78E82 /* ViewController.swift in Sources */,
				F32A6F1322DDA36E00E78E82 /* BirthdayTrackerLessons.xcdatamodeld in Sources */,
				F32A6F0B22DDA36E00E78E82 /* AppDelegate.swift in Sources */,
			);
			runOnlyForDeploymentPostprocessing = 0;
		};
/* End PBXSourcesBuildPhase section */

/* Begin PBXVariantGroup section */
		F32A6F0E22DDA36E00E78E82 /* Main.storyboard */ = {
			isa = PBXVariantGroup;
			children = (
				F32A6F0F22DDA36E00E78E82 /* Base */,
			);
			name = Main.storyboard;
			sourceTree = "<group>";
		};
		F32A6F1622DDA36F00E78E82 /* LaunchScreen.storyboard */ = {
			isa = PBXVariantGroup;
			children = (
				F32A6F1722DDA36F00E78E82 /* Base */,
			);
			name = LaunchScreen.storyboard;
			sourceTree = "<group>";
		};
/* End PBXVariantGroup section */

/* Begin XCBuildConfiguration section */
		F32A6F1A22DDA36F00E78E82 /* Debug */ = {
			isa = XCBuildConfiguration;
			buildSettings = {
				ALWAYS_SEARCH_USER_PATHS = NO;
				CLANG_ANALYZER_NONNULL = YES;
				CLANG_ANALYZER_NUMBER_OBJECT_CONVERSION = YES_AGGRESSIVE;
				CLANG_CXX_LANGUAGE_STANDARD = "gnu++14";
				CLANG_CXX_LIBRARY = "libc++";
				CLANG_ENABLE_MODULES = YES;
				CLANG_ENABLE_OBJC_ARC = YES;
				CLANG_ENABLE_OBJC_WEAK = YES;
				CLANG_WARN_BLOCK_CAPTURE_AUTORELEASING = YES;
				CLANG_WARN_BOOL_CONVERSION = YES;
				CLANG_WARN_COMMA = YES;
				CLANG_WARN_CONSTANT_CONVERSION = YES;
				CLANG_WARN_DEPRECATED_OBJC_IMPLEMENTATIONS = YES;
				CLANG_WARN_DIRECT_OBJC_ISA_USAGE = YES_ERROR;
				CLANG_WARN_DOCUMENTATION_COMMENTS = YES;
				CLANG_WARN_EMPTY_BODY = YES;
				CLANG_WARN_ENUM_CONVERSION = YES;
				CLANG_WARN_INFINITE_RECURSION = YES;
				CLANG_WARN_INT_CONVERSION = YES;
				CLANG_WARN_NON_LITERAL_NULL_CONVERSION = YES;
				CLANG_WARN_OBJC_IMPLICIT_RETAIN_SELF = YES;
				CLANG_WARN_OBJC_LITERAL_CONVERSION = YES;
				CLANG_WARN_OBJC_ROOT_CLASS = YES_ERROR;
				CLANG_WARN_RANGE_LOOP_ANALYSIS = YES;
				CLANG_WARN_STRICT_PROTOTYPES = YES;
				CLANG_WARN_SUSPICIOUS_MOVE = YES;
				CLANG_WARN_UNGUARDED_AVAILABILITY = YES_AGGRESSIVE;
				CLANG_WARN_UNREACHABLE_CODE = YES;
				CLANG_WARN__DUPLICATE_METHOD_MATCH = YES;
				CODE_SIGN_IDENTITY = "iPhone Developer";
				COPY_PHASE_STRIP = NO;
				DEBUG_INFORMATION_FORMAT = dwarf;
				ENABLE_STRICT_OBJC_MSGSEND = YES;
				ENABLE_TESTABILITY = YES;
				GCC_C_LANGUAGE_STANDARD = gnu11;
				GCC_DYNAMIC_NO_PIC = NO;
				GCC_NO_COMMON_BLOCKS = YES;
				GCC_OPTIMIZATION_LEVEL = 0;
				GCC_PREPROCESSOR_DEFINITIONS = (
					"DEBUG=1",
					"$(inherited)",
				);
				GCC_WARN_64_TO_32_BIT_CONVERSION = YES;
				GCC_WARN_ABOUT_RETURN_TYPE = YES_ERROR;
				GCC_WARN_UNDECLARED_SELECTOR = YES;
				GCC_WARN_UNINITIALIZED_AUTOS = YES_AGGRESSIVE;
				GCC_WARN_UNUSED_FUNCTION = YES;
				GCC_WARN_UNUSED_VARIABLE = YES;
				IPHONEOS_DEPLOYMENT_TARGET = 12.2;
				MTL_ENABLE_DEBUG_INFO = INCLUDE_SOURCE;
				MTL_FAST_MATH = YES;
				ONLY_ACTIVE_ARCH = YES;
				SDKROOT = iphoneos;
				SWIFT_ACTIVE_COMPILATION_CONDITIONS = DEBUG;
				SWIFT_OPTIMIZATION_LEVEL = "-Onone";
			};
			name = Debug;
		};
		F32A6F1B22DDA36F00E78E82 /* Release */ = {
			isa = XCBuildConfiguration;
			buildSettings = {
				ALWAYS_SEARCH_USER_PATHS = NO;
				CLANG_ANALYZER_NONNULL = YES;
				CLANG_ANALYZER_NUMBER_OBJECT_CONVERSION = YES_AGGRESSIVE;
				CLANG_CXX_LANGUAGE_STANDARD = "gnu++14";
				CLANG_CXX_LIBRARY = "libc++";
				CLANG_ENABLE_MODULES = YES;
				CLANG_ENABLE_OBJC_ARC = YES;
				CLANG_ENABLE_OBJC_WEAK = YES;
				CLANG_WARN_BLOCK_CAPTURE_AUTORELEASING = YES;
				CLANG_WARN_BOOL_CONVERSION = YES;
				CLANG_WARN_COMMA = YES;
				CLANG_WARN_CONSTANT_CONVERSION = YES;
				CLANG_WARN_DEPRECATED_OBJC_IMPLEMENTATIONS = YES;
				CLANG_WARN_DIRECT_OBJC_ISA_USAGE = YES_ERROR;
				CLANG_WARN_DOCUMENTATION_COMMENTS = YES;
				CLANG_WARN_EMPTY_BODY = YES;
				CLANG_WARN_ENUM_CONVERSION = YES;
				CLANG_WARN_INFINITE_RECURSION = YES;
				CLANG_WARN_INT_CONVERSION = YES;
				CLANG_WARN_NON_LITERAL_NULL_CONVERSION = YES;
				CLANG_WARN_OBJC_IMPLICIT_RETAIN_SELF = YES;
				CLANG_WARN_OBJC_LITERAL_CONVERSION = YES;
				CLANG_WARN_OBJC_ROOT_CLASS = YES_ERROR;
				CLANG_WARN_RANGE_LOOP_ANALYSIS = YES;
				CLANG_WARN_STRICT_PROTOTYPES = YES;
				CLANG_WARN_SUSPICIOUS_MOVE = YES;
				CLANG_WARN_UNGUARDED_AVAILABILITY = YES_AGGRESSIVE;
				CLANG_WARN_UNREACHABLE_CODE = YES;
				CLANG_WARN__DUPLICATE_METHOD_MATCH = YES;
				CODE_SIGN_IDENTITY = "iPhone Developer";
				COPY_PHASE_STRIP = NO;
				DEBUG_INFORMATION_FORMAT = "dwarf-with-dsym";
				ENABLE_NS_ASSERTIONS = NO;
				ENABLE_STRICT_OBJC_MSGSEND = YES;
				GCC_C_LANGUAGE_STANDARD = gnu11;
				GCC_NO_COMMON_BLOCKS = YES;
				GCC_WARN_64_TO_32_BIT_CONVERSION = YES;
				GCC_WARN_ABOUT_RETURN_TYPE = YES_ERROR;
				GCC_WARN_UNDECLARED_SELECTOR = YES;
				GCC_WARN_UNINITIALIZED_AUTOS = YES_AGGRESSIVE;
				GCC_WARN_UNUSED_FUNCTION = YES;
				GCC_WARN_UNUSED_VARIABLE = YES;
				IPHONEOS_DEPLOYMENT_TARGET = 12.2;
				MTL_ENABLE_DEBUG_INFO = NO;
				MTL_FAST_MATH = YES;
				SDKROOT = iphoneos;
				SWIFT_COMPILATION_MODE = wholemodule;
				SWIFT_OPTIMIZATION_LEVEL = "-O";
				VALIDATE_PRODUCT = YES;
			};
			name = Release;
		};
		F32A6F1D22DDA36F00E78E82 /* Debug */ = {
			isa = XCBuildConfiguration;
			buildSettings = {
				ASSETCATALOG_COMPILER_APPICON_NAME = AppIcon;
				CODE_SIGN_STYLE = Automatic;
				DEVELOPMENT_TEAM = GYWWW55376;
				INFOPLIST_FILE = BirthdayTrackerLessons/Info.plist;
				LD_RUNPATH_SEARCH_PATHS = (
					"$(inherited)",
					"@executable_path/Frameworks",
				);
				PRODUCT_BUNDLE_IDENTIFIER = com.mcmikius.BirthdayTrackerLessons;
				PRODUCT_NAME = "$(TARGET_NAME)";
				SWIFT_VERSION = 5.0;
				TARGETED_DEVICE_FAMILY = 1;
			};
			name = Debug;
		};
		F32A6F1E22DDA36F00E78E82 /* Release */ = {
			isa = XCBuildConfiguration;
			buildSettings = {
				ASSETCATALOG_COMPILER_APPICON_NAME = AppIcon;
				CODE_SIGN_STYLE = Automatic;
				DEVELOPMENT_TEAM = GYWWW55376;
				INFOPLIST_FILE = BirthdayTrackerLessons/Info.plist;
				LD_RUNPATH_SEARCH_PATHS = (
					"$(inherited)",
					"@executable_path/Frameworks",
				);
				PRODUCT_BUNDLE_IDENTIFIER = com.mcmikius.BirthdayTrackerLessons;
				PRODUCT_NAME = "$(TARGET_NAME)";
				SWIFT_VERSION = 5.0;
				TARGETED_DEVICE_FAMILY = 1;
			};
			name = Release;
		};
/* End XCBuildConfiguration section */

/* Begin XCConfigurationList section */
		F32A6F0222DDA36E00E78E82 /* Build configuration list for PBXProject "BirthdayTrackerLessons" */ = {
			isa = XCConfigurationList;
			buildConfigurations = (
				F32A6F1A22DDA36F00E78E82 /* Debug */,
				F32A6F1B22DDA36F00E78E82 /* Release */,
			);
			defaultConfigurationIsVisible = 0;
			defaultConfigurationName = Release;
		};
		F32A6F1C22DDA36F00E78E82 /* Build configuration list for PBXNativeTarget "BirthdayTrackerLessons" */ = {
			isa = XCConfigurationList;
			buildConfigurations = (
				F32A6F1D22DDA36F00E78E82 /* Debug */,
				F32A6F1E22DDA36F00E78E82 /* Release */,
			);
			defaultConfigurationIsVisible = 0;
			defaultConfigurationName = Release;
		};
/* End XCConfigurationList section */

/* Begin XCVersionGroup section */
		F32A6F1122DDA36E00E78E82 /* BirthdayTrackerLessons.xcdatamodeld */ = {
			isa = XCVersionGroup;
			children = (
				F32A6F1222DDA36E00E78E82 /* BirthdayTrackerLessons.xcdatamodel */,
			);
			currentVersion = F32A6F1222DDA36E00E78E82 /* BirthdayTrackerLessons.xcdatamodel */;
			path = BirthdayTrackerLessons.xcdatamodeld;
			sourceTree = "<group>";
			versionGroupType = wrapper.xcdatamodel;
		};
/* End XCVersionGroup section */
	};
	rootObject = F32A6EFF22DDA36E00E78E82 /* Project object */;
}
